
Microsoft Visual Studio Solution File, Format Version 12.00
# Visual Studio 15
VisualStudioVersion = 15.0.28307.572
MinimumVisualStudioVersion = 10.0.40219.1
Project("{FAE04EC0-301F-11D3-BF4B-00C04F79EFBC}") = "2 zadanie", "2 zadanie\2 zadanie.csproj", "{76C666F0-28B9-4056-8158-653D8F37F204}"
EndProject
Global
	GlobalSection(SolutionConfigurationPlatforms) = preSolution
		Debug|Any CPU = Debug|Any CPU
		Release|Any CPU = Release|Any CPU
	EndGlobalSection
	GlobalSection(ProjectConfigurationPlatforms) = postSolution
		{76C666F0-28B9-4056-8158-653D8F37F204}.Debug|Any CPU.ActiveCfg = Debug|Any CPU
		{76C666F0-28B9-4056-8158-653D8F37F204}.Debug|Any CPU.Build.0 = Debug|Any CPU
		{76C666F0-28B9-4056-8158-653D8F37F204}.Release|Any CPU.ActiveCfg = Release|Any CPU
		{76C666F0-28B9-4056-8158-653D8F37F204}.Release|Any CPU.Build.0 = Release|Any CPU
	EndGlobalSection
	GlobalSection(SolutionProperties) = preSolution
		HideSolutionNode = FALSE
	EndGlobalSection
	GlobalSection(ExtensibilityGlobals) = postSolution
		SolutionGuid = {569ABF04-EF97-474A-A89C-CB66434B47A4}
	EndGlobalSection
EndGlobal
